
Microsoft Visual Studio Solution File, Format Version 12.00
# Visual Studio Version 16
VisualStudioVersion = 16.0.30804.86
MinimumVisualStudioVersion = 10.0.40219.1
Project("{FAE04EC0-301F-11D3-BF4B-00C04F79EFBC}") = "TEST_UNGDUNG", "TEST_UNGDUNG\TEST_UNGDUNG.csproj", "{583210B4-37F3-4331-B0A2-437046AFC3D5}"
EndProject
Project("{FAE04EC0-301F-11D3-BF4B-00C04F79EFBC}") = "ModelEF", "ModelEF\ModelEF.csproj", "{B333643C-0B4E-42DF-B9D4-1F5A0B3124F6}"
EndProject
Global
	GlobalSection(SolutionConfigurationPlatforms) = preSolution
		Debug|Any CPU = Debug|Any CPU
		Release|Any CPU = Release|Any CPU
	EndGlobalSection
	GlobalSection(ProjectConfigurationPlatforms) = postSolution
		{583210B4-37F3-4331-B0A2-437046AFC3D5}.Debug|Any CPU.ActiveCfg = Debug|Any CPU
		{583210B4-37F3-4331-B0A2-437046AFC3D5}.Debug|Any CPU.Build.0 = Debug|Any CPU
		{583210B4-37F3-4331-B0A2-437046AFC3D5}.Release|Any CPU.ActiveCfg = Release|Any CPU
		{583210B4-37F3-4331-B0A2-437046AFC3D5}.Release|Any CPU.Build.0 = Release|Any CPU
		{B333643C-0B4E-42DF-B9D4-1F5A0B3124F6}.Debug|Any CPU.ActiveCfg = Debug|Any CPU
		{B333643C-0B4E-42DF-B9D4-1F5A0B3124F6}.Debug|Any CPU.Build.0 = Debug|Any CPU
		{B333643C-0B4E-42DF-B9D4-1F5A0B3124F6}.Release|Any CPU.ActiveCfg = Release|Any CPU
		{B333643C-0B4E-42DF-B9D4-1F5A0B3124F6}.Release|Any CPU.Build.0 = Release|Any CPU
	EndGlobalSection
	GlobalSection(SolutionProperties) = preSolution
		HideSolutionNode = FALSE
	EndGlobalSection
	GlobalSection(ExtensibilityGlobals) = postSolution
		SolutionGuid = {A17432CD-1A47-4EF8-B9CD-236BC3B6784C}
	EndGlobalSection
EndGlobal
